
Microsoft Visual Studio Solution File, Format Version 12.00
# Visual Studio Version 17
VisualStudioVersion = 17.3.32811.315
MinimumVisualStudioVersion = 10.0.40219.1
Project("{8BC9CEB8-8B4A-11D0-8D11-00A0C91BC942}") = "TP 13bis", "TP 13bis\TP 13bis.vcxproj", "{751EDFEA-D270-4F2D-9787-175099287DC0}"
EndProject
Global
	GlobalSection(SolutionConfigurationPlatforms) = preSolution
		Debug|x64 = Debug|x64
		Release|x64 = Release|x64
	EndGlobalSection
	GlobalSection(ProjectConfigurationPlatforms) = postSolution
		{751EDFEA-D270-4F2D-9787-175099287DC0}.Debug|x64.ActiveCfg = Debug|x64
		{751EDFEA-D270-4F2D-9787-175099287DC0}.Debug|x64.Build.0 = Debug|x64
		{751EDFEA-D270-4F2D-9787-175099287DC0}.Release|x64.ActiveCfg = Release|x64
		{751EDFEA-D270-4F2D-9787-175099287DC0}.Release|x64.Build.0 = Release|x64
	EndGlobalSection
	GlobalSection(SolutionProperties) = preSolution
		HideSolutionNode = FALSE
	EndGlobalSection
	GlobalSection(ExtensibilityGlobals) = postSolution
		SolutionGuid = {C0CCEBC3-870B-4FFC-B294-0C92B7D292E0}
	EndGlobalSection
EndGlobal
